{
  "object": {
    "pins": [
      {
        "package": "TreePrinter",
        "repositoryURL": "https://github.com/cliss/TreePrinter",
        "state": {
          "branch": null,
          "revision": "ca462fcb54b67548ef401bb8b594420fe5f45242",
          "version": "1.0.2"
        }
      }
    ]
  },
  "version": 1
}
