{
  "object": {
    "pins": [
      {
        "package": "ANSITerminal",
        "repositoryURL": "https://github.com/pakLebah/ANSITerminal",
        "state": {
          "branch": "master",
          "revision": "95f7cf132cb08d9eebd095b09214d8a375545e01",
          "version": null
        }
      }
    ]
  },
  "version": 1
}
