// !$*UTF8*$!
{
	archiveVersion = 1;
	classes = {
	};
	objectVersion = 55;
	objects = {

/* Begin PBXBuildFile section */
		B27D4684276A2843003E5B01 /* main.swift in Sources */ = {isa = PBXBuildFile; fileRef = B27D4683276A2843003E5B01 /* main.swift */; };
		B27D468B276A28B6003E5B01 /* TreePrinter.swift in Sources */ = {isa = PBXBuildFile; fileRef = B27D468A276A28B6003E5B01 /* TreePrinter.swift */; };
		B27D468D276A28CB003E5B01 /* TreeRepresentable.swift in Sources */ = {isa = PBXBuildFile; fileRef = B27D468C276A28CB003E5B01 /* TreeRepresentable.swift */; };
		B27D46A4276A2CF8003E5B01 /* DecartTreeTests.swift in Sources */ = {isa = PBXBuildFile; fileRef = B27D46A3276A2CF8003E5B01 /* DecartTreeTests.swift */; };
		B27D46A8276A2D56003E5B01 /* main.swift in Sources */ = {isa = PBXBuildFile; fileRef = B27D4683276A2843003E5B01 /* main.swift */; };
		B27D46A9276A2D59003E5B01 /* TreePrinter.swift in Sources */ = {isa = PBXBuildFile; fileRef = B27D468A276A28B6003E5B01 /* TreePrinter.swift */; };
		B27D46AA276A2D5B003E5B01 /* TreeRepresentable.swift in Sources */ = {isa = PBXBuildFile; fileRef = B27D468C276A28CB003E5B01 /* TreeRepresentable.swift */; };
/* End PBXBuildFile section */

/* Begin PBXCopyFilesBuildPhase section */
		B27D467E276A2843003E5B01 /* CopyFiles */ = {
			isa = PBXCopyFilesBuildPhase;
			buildActionMask = 2147483647;
			dstPath = /usr/share/man/man1/;
			dstSubfolderSpec = 0;
			files = (
			);
			runOnlyForDeploymentPostprocessing = 1;
		};
/* End PBXCopyFilesBuildPhase section */

/* Begin PBXFileReference section */
		B27D4680276A2843003E5B01 /* DecartTree */ = {isa = PBXFileReference; explicitFileType = "compiled.mach-o.executable"; includeInIndex = 0; path = DecartTree; sourceTree = BUILT_PRODUCTS_DIR; };
		B27D4683276A2843003E5B01 /* main.swift */ = {isa = PBXFileReference; lastKnownFileType = sourcecode.swift; path = main.swift; sourceTree = "<group>"; };
		B27D468A276A28B6003E5B01 /* TreePrinter.swift */ = {isa = PBXFileReference; lastKnownFileType = sourcecode.swift; path = TreePrinter.swift; sourceTree = "<group>"; };
		B27D468C276A28CB003E5B01 /* TreeRepresentable.swift */ = {isa = PBXFileReference; lastKnownFileType = sourcecode.swift; path = TreeRepresentable.swift; sourceTree = "<group>"; };
		B27D46A1276A2CF8003E5B01 /* DecartTreeTests.xctest */ = {isa = PBXFileReference; explicitFileType = wrapper.cfbundle; includeInIndex = 0; path = DecartTreeTests.xctest; sourceTree = BUILT_PRODUCTS_DIR; };
		B27D46A3276A2CF8003E5B01 /* DecartTreeTests.swift */ = {isa = PBXFileReference; lastKnownFileType = sourcecode.swift; path = DecartTreeTests.swift; sourceTree = "<group>"; };
/* End PBXFileReference section */

/* Begin PBXFrameworksBuildPhase section */
		B27D467D276A2843003E5B01 /* Frameworks */ = {
			isa = PBXFrameworksBuildPhase;
			buildActionMask = 2147483647;
			files = (
			);
			runOnlyForDeploymentPostprocessing = 0;
		};
		B27D469E276A2CF8003E5B01 /* Frameworks */ = {
			isa = PBXFrameworksBuildPhase;
			buildActionMask = 2147483647;
			files = (
			);
			runOnlyForDeploymentPostprocessing = 0;
		};
/* End PBXFrameworksBuildPhase section */

/* Begin PBXGroup section */
		B27D4677276A2843003E5B01 = {
			isa = PBXGroup;
			children = (
				B27D4682276A2843003E5B01 /* DecartTree */,
				B27D46A2276A2CF8003E5B01 /* DecartTreeTests */,
				B27D4681276A2843003E5B01 /* Products */,
			);
			sourceTree = "<group>";
		};
		B27D4681276A2843003E5B01 /* Products */ = {
			isa = PBXGroup;
			children = (
				B27D4680276A2843003E5B01 /* DecartTree */,
				B27D46A1276A2CF8003E5B01 /* DecartTreeTests.xctest */,
			);
			name = Products;
			sourceTree = "<group>";
		};
		B27D4682276A2843003E5B01 /* DecartTree */ = {
			isa = PBXGroup;
			children = (
				B27D4683276A2843003E5B01 /* main.swift */,
				B27D468A276A28B6003E5B01 /* TreePrinter.swift */,
				B27D468C276A28CB003E5B01 /* TreeRepresentable.swift */,
			);
			path = DecartTree;
			sourceTree = "<group>";
		};
		B27D46A2276A2CF8003E5B01 /* DecartTreeTests */ = {
			isa = PBXGroup;
			children = (
				B27D46A3276A2CF8003E5B01 /* DecartTreeTests.swift */,
			);
			path = DecartTreeTests;
			sourceTree = "<group>";
		};
/* End PBXGroup section */

/* Begin PBXNativeTarget section */
		B27D467F276A2843003E5B01 /* DecartTree */ = {
			isa = PBXNativeTarget;
			buildConfigurationList = B27D4687276A2843003E5B01 /* Build configuration list for PBXNativeTarget "DecartTree" */;
			buildPhases = (
				B27D467C276A2843003E5B01 /* Sources */,
				B27D467D276A2843003E5B01 /* Frameworks */,
				B27D467E276A2843003E5B01 /* CopyFiles */,
			);
			buildRules = (
			);
			dependencies = (
			);
			name = DecartTree;
			productName = DecartTree;
			productReference = B27D4680276A2843003E5B01 /* DecartTree */;
			productType = "com.apple.product-type.tool";
		};
		B27D46A0276A2CF8003E5B01 /* DecartTreeTests */ = {
			isa = PBXNativeTarget;
			buildConfigurationList = B27D46A5276A2CF8003E5B01 /* Build configuration list for PBXNativeTarget "DecartTreeTests" */;
			buildPhases = (
				B27D469D276A2CF8003E5B01 /* Sources */,
				B27D469E276A2CF8003E5B01 /* Frameworks */,
				B27D469F276A2CF8003E5B01 /* Resources */,
			);
			buildRules = (
			);
			dependencies = (
			);
			name = DecartTreeTests;
			productName = DecartTreeTests;
			productReference = B27D46A1276A2CF8003E5B01 /* DecartTreeTests.xctest */;
			productType = "com.apple.product-type.bundle.unit-test";
		};
/* End PBXNativeTarget section */

/* Begin PBXProject section */
		B27D4678276A2843003E5B01 /* Project object */ = {
			isa = PBXProject;
			attributes = {
				BuildIndependentTargetsInParallel = 1;
				LastSwiftUpdateCheck = 1310;
				LastUpgradeCheck = 1310;
				TargetAttributes = {
					B27D467F276A2843003E5B01 = {
						CreatedOnToolsVersion = 13.1;
					};
					B27D46A0276A2CF8003E5B01 = {
						CreatedOnToolsVersion = 13.1;
					};
				};
			};
			buildConfigurationList = B27D467B276A2843003E5B01 /* Build configuration list for PBXProject "DecartTree" */;
			compatibilityVersion = "Xcode 13.0";
			developmentRegion = en;
			hasScannedForEncodings = 0;
			knownRegions = (
				en,
				Base,
			);
			mainGroup = B27D4677276A2843003E5B01;
			productRefGroup = B27D4681276A2843003E5B01 /* Products */;
			projectDirPath = "";
			projectRoot = "";
			targets = (
				B27D467F276A2843003E5B01 /* DecartTree */,
				B27D46A0276A2CF8003E5B01 /* DecartTreeTests */,
			);
		};
/* End PBXProject section */

/* Begin PBXResourcesBuildPhase section */
		B27D469F276A2CF8003E5B01 /* Resources */ = {
			isa = PBXResourcesBuildPhase;
			buildActionMask = 2147483647;
			files = (
			);
			runOnlyForDeploymentPostprocessing = 0;
		};
/* End PBXResourcesBuildPhase section */

/* Begin PBXSourcesBuildPhase section */
		B27D467C276A2843003E5B01 /* Sources */ = {
			isa = PBXSourcesBuildPhase;
			buildActionMask = 2147483647;
			files = (
				B27D468D276A28CB003E5B01 /* TreeRepresentable.swift in Sources */,
				B27D468B276A28B6003E5B01 /* TreePrinter.swift in Sources */,
				B27D4684276A2843003E5B01 /* main.swift in Sources */,
			);
			runOnlyForDeploymentPostprocessing = 0;
		};
		B27D469D276A2CF8003E5B01 /* Sources */ = {
			isa = PBXSourcesBuildPhase;
			buildActionMask = 2147483647;
			files = (
				B27D46A9276A2D59003E5B01 /* TreePrinter.swift in Sources */,
				B27D46A8276A2D56003E5B01 /* main.swift in Sources */,
				B27D46AA276A2D5B003E5B01 /* TreeRepresentable.swift in Sources */,
				B27D46A4276A2CF8003E5B01 /* DecartTreeTests.swift in Sources */,
			);
			runOnlyForDeploymentPostprocessing = 0;
		};
/* End PBXSourcesBuildPhase section */

/* Begin XCBuildConfiguration section */
		B27D4685276A2843003E5B01 /* Debug */ = {
			isa = XCBuildConfiguration;
			buildSettings = {
				ALWAYS_SEARCH_USER_PATHS = NO;
				CLANG_ANALYZER_NONNULL = YES;
				CLANG_ANALYZER_NUMBER_OBJECT_CONVERSION = YES_AGGRESSIVE;
				CLANG_CXX_LANGUAGE_STANDARD = "gnu++17";
				CLANG_CXX_LIBRARY = "libc++";
				CLANG_ENABLE_MODULES = YES;
				CLANG_ENABLE_OBJC_ARC = YES;
				CLANG_ENABLE_OBJC_WEAK = YES;
				CLANG_WARN_BLOCK_CAPTURE_AUTORELEASING = YES;
				CLANG_WARN_BOOL_CONVERSION = YES;
				CLANG_WARN_COMMA = YES;
				CLANG_WARN_CONSTANT_CONVERSION = YES;
				CLANG_WARN_DEPRECATED_OBJC_IMPLEMENTATIONS = YES;
				CLANG_WARN_DIRECT_OBJC_ISA_USAGE = YES_ERROR;
				CLANG_WARN_DOCUMENTATION_COMMENTS = YES;
				CLANG_WARN_EMPTY_BODY = YES;
				CLANG_WARN_ENUM_CONVERSION = YES;
				CLANG_WARN_INFINITE_RECURSION = YES;
				CLANG_WARN_INT_CONVERSION = YES;
				CLANG_WARN_NON_LITERAL_NULL_CONVERSION = YES;
				CLANG_WARN_OBJC_IMPLICIT_RETAIN_SELF = YES;
				CLANG_WARN_OBJC_LITERAL_CONVERSION = YES;
				CLANG_WARN_OBJC_ROOT_CLASS = YES_ERROR;
				CLANG_WARN_QUOTED_INCLUDE_IN_FRAMEWORK_HEADER = YES;
				CLANG_WARN_RANGE_LOOP_ANALYSIS = YES;
				CLANG_WARN_STRICT_PROTOTYPES = YES;
				CLANG_WARN_SUSPICIOUS_MOVE = YES;
				CLANG_WARN_UNGUARDED_AVAILABILITY = YES_AGGRESSIVE;
				CLANG_WARN_UNREACHABLE_CODE = YES;
				CLANG_WARN__DUPLICATE_METHOD_MATCH = YES;
				COPY_PHASE_STRIP = NO;
				DEBUG_INFORMATION_FORMAT = dwarf;
				ENABLE_STRICT_OBJC_MSGSEND = YES;
				ENABLE_TESTABILITY = YES;
				GCC_C_LANGUAGE_STANDARD = gnu11;
				GCC_DYNAMIC_NO_PIC = NO;
				GCC_NO_COMMON_BLOCKS = YES;
				GCC_OPTIMIZATION_LEVEL = 0;
				GCC_PREPROCESSOR_DEFINITIONS = (
					"DEBUG=1",
					"$(inherited)",
				);
				GCC_WARN_64_TO_32_BIT_CONVERSION = YES;
				GCC_WARN_ABOUT_RETURN_TYPE = YES_ERROR;
				GCC_WARN_UNDECLARED_SELECTOR = YES;
				GCC_WARN_UNINITIALIZED_AUTOS = YES_AGGRESSIVE;
				GCC_WARN_UNUSED_FUNCTION = YES;
				GCC_WARN_UNUSED_VARIABLE = YES;
				MACOSX_DEPLOYMENT_TARGET = 11.6;
				MTL_ENABLE_DEBUG_INFO = INCLUDE_SOURCE;
				MTL_FAST_MATH = YES;
				ONLY_ACTIVE_ARCH = YES;
				SDKROOT = macosx;
				SWIFT_ACTIVE_COMPILATION_CONDITIONS = DEBUG;
				SWIFT_OPTIMIZATION_LEVEL = "-Onone";
			};
			name = Debug;
		};
		B27D4686276A2843003E5B01 /* Release */ = {
			isa = XCBuildConfiguration;
			buildSettings = {
				ALWAYS_SEARCH_USER_PATHS = NO;
				CLANG_ANALYZER_NONNULL = YES;
				CLANG_ANALYZER_NUMBER_OBJECT_CONVERSION = YES_AGGRESSIVE;
				CLANG_CXX_LANGUAGE_STANDARD = "gnu++17";
				CLANG_CXX_LIBRARY = "libc++";
				CLANG_ENABLE_MODULES = YES;
				CLANG_ENABLE_OBJC_ARC = YES;
				CLANG_ENABLE_OBJC_WEAK = YES;
				CLANG_WARN_BLOCK_CAPTURE_AUTORELEASING = YES;
				CLANG_WARN_BOOL_CONVERSION = YES;
				CLANG_WARN_COMMA = YES;
				CLANG_WARN_CONSTANT_CONVERSION = YES;
				CLANG_WARN_DEPRECATED_OBJC_IMPLEMENTATIONS = YES;
				CLANG_WARN_DIRECT_OBJC_ISA_USAGE = YES_ERROR;
				CLANG_WARN_DOCUMENTATION_COMMENTS = YES;
				CLANG_WARN_EMPTY_BODY = YES;
				CLANG_WARN_ENUM_CONVERSION = YES;
				CLANG_WARN_INFINITE_RECURSION = YES;
				CLANG_WARN_INT_CONVERSION = YES;
				CLANG_WARN_NON_LITERAL_NULL_CONVERSION = YES;
				CLANG_WARN_OBJC_IMPLICIT_RETAIN_SELF = YES;
				CLANG_WARN_OBJC_LITERAL_CONVERSION = YES;
				CLANG_WARN_OBJC_ROOT_CLASS = YES_ERROR;
				CLANG_WARN_QUOTED_INCLUDE_IN_FRAMEWORK_HEADER = YES;
				CLANG_WARN_RANGE_LOOP_ANALYSIS = YES;
				CLANG_WARN_STRICT_PROTOTYPES = YES;
				CLANG_WARN_SUSPICIOUS_MOVE = YES;
				CLANG_WARN_UNGUARDED_AVAILABILITY = YES_AGGRESSIVE;
				CLANG_WARN_UNREACHABLE_CODE = YES;
				CLANG_WARN__DUPLICATE_METHOD_MATCH = YES;
				COPY_PHASE_STRIP = NO;
				DEBUG_INFORMATION_FORMAT = "dwarf-with-dsym";
				ENABLE_NS_ASSERTIONS = NO;
				ENABLE_STRICT_OBJC_MSGSEND = YES;
				GCC_C_LANGUAGE_STANDARD = gnu11;
				GCC_NO_COMMON_BLOCKS = YES;
				GCC_WARN_64_TO_32_BIT_CONVERSION = YES;
				GCC_WARN_ABOUT_RETURN_TYPE = YES_ERROR;
				GCC_WARN_UNDECLARED_SELECTOR = YES;
				GCC_WARN_UNINITIALIZED_AUTOS = YES_AGGRESSIVE;
				GCC_WARN_UNUSED_FUNCTION = YES;
				GCC_WARN_UNUSED_VARIABLE = YES;
				MACOSX_DEPLOYMENT_TARGET = 11.6;
				MTL_ENABLE_DEBUG_INFO = NO;
				MTL_FAST_MATH = YES;
				SDKROOT = macosx;
				SWIFT_COMPILATION_MODE = wholemodule;
				SWIFT_OPTIMIZATION_LEVEL = "-O";
			};
			name = Release;
		};
		B27D4688276A2843003E5B01 /* Debug */ = {
			isa = XCBuildConfiguration;
			buildSettings = {
				CODE_SIGN_STYLE = Automatic;
				PRODUCT_NAME = "$(TARGET_NAME)";
				SWIFT_VERSION = 5.0;
			};
			name = Debug;
		};
		B27D4689276A2843003E5B01 /* Release */ = {
			isa = XCBuildConfiguration;
			buildSettings = {
				CODE_SIGN_STYLE = Automatic;
				PRODUCT_NAME = "$(TARGET_NAME)";
				SWIFT_VERSION = 5.0;
			};
			name = Release;
		};
		B27D46A6276A2CF8003E5B01 /* Debug */ = {
			isa = XCBuildConfiguration;
			buildSettings = {
				CODE_SIGN_STYLE = Automatic;
				COMBINE_HIDPI_IMAGES = YES;
				CURRENT_PROJECT_VERSION = 1;
				GENERATE_INFOPLIST_FILE = YES;
				LD_RUNPATH_SEARCH_PATHS = (
					"$(inherited)",
					"@executable_path/../Frameworks",
					"@loader_path/../Frameworks",
				);
				MARKETING_VERSION = 1.0;
				PRODUCT_BUNDLE_IDENTIFIER = ruslan.DecartTreeTests;
				PRODUCT_NAME = "$(TARGET_NAME)";
				SWIFT_EMIT_LOC_STRINGS = NO;
				SWIFT_VERSION = 5.0;
			};
			name = Debug;
		};
		B27D46A7276A2CF8003E5B01 /* Release */ = {
			isa = XCBuildConfiguration;
			buildSettings = {
				CODE_SIGN_STYLE = Automatic;
				COMBINE_HIDPI_IMAGES = YES;
				CURRENT_PROJECT_VERSION = 1;
				GENERATE_INFOPLIST_FILE = YES;
				LD_RUNPATH_SEARCH_PATHS = (
					"$(inherited)",
					"@executable_path/../Frameworks",
					"@loader_path/../Frameworks",
				);
				MARKETING_VERSION = 1.0;
				PRODUCT_BUNDLE_IDENTIFIER = ruslan.DecartTreeTests;
				PRODUCT_NAME = "$(TARGET_NAME)";
				SWIFT_EMIT_LOC_STRINGS = NO;
				SWIFT_VERSION = 5.0;
			};
			name = Release;
		};
/* End XCBuildConfiguration section */

/* Begin XCConfigurationList section */
		B27D467B276A2843003E5B01 /* Build configuration list for PBXProject "DecartTree" */ = {
			isa = XCConfigurationList;
			buildConfigurations = (
				B27D4685276A2843003E5B01 /* Debug */,
				B27D4686276A2843003E5B01 /* Release */,
			);
			defaultConfigurationIsVisible = 0;
			defaultConfigurationName = Release;
		};
		B27D4687276A2843003E5B01 /* Build configuration list for PBXNativeTarget "DecartTree" */ = {
			isa = XCConfigurationList;
			buildConfigurations = (
				B27D4688276A2843003E5B01 /* Debug */,
				B27D4689276A2843003E5B01 /* Release */,
			);
			defaultConfigurationIsVisible = 0;
			defaultConfigurationName = Release;
		};
		B27D46A5276A2CF8003E5B01 /* Build configuration list for PBXNativeTarget "DecartTreeTests" */ = {
			isa = XCConfigurationList;
			buildConfigurations = (
				B27D46A6276A2CF8003E5B01 /* Debug */,
				B27D46A7276A2CF8003E5B01 /* Release */,
			);
			defaultConfigurationIsVisible = 0;
			defaultConfigurationName = Release;
		};
/* End XCConfigurationList section */
	};
	rootObject = B27D4678276A2843003E5B01 /* Project object */;
}
