{
  "object": {
    "pins": [
      {
        "package": "ANSITerminal",
        "repositoryURL": "https://github.com/pakLebah/ANSITerminal",
        "state": {
          "branch": null,
          "revision": "8e24fab68c660eca1244a95019ec69a11400d62b",
          "version": "0.0.3"
        }
      }
    ]
  },
  "version": 1
}
