// !$*UTF8*$!
{
	archiveVersion = 1;
	classes = {
	};
	objectVersion = 55;
	objects = {

/* Begin PBXBuildFile section */
		37C70CF8C8979EF0853A1057 /* Pods_GraphsTests.framework in Frameworks */ = {isa = PBXBuildFile; fileRef = D9892C75134FB95881647052 /* Pods_GraphsTests.framework */; };
		6F295644299E5AAD180C5EEB /* Pods_Graphs.framework in Frameworks */ = {isa = PBXBuildFile; fileRef = F71A8EBA22772E1EF6E747AB /* Pods_Graphs.framework */; };
		B22F773827A8057700733FC3 /* EdgeList.swift in Sources */ = {isa = PBXBuildFile; fileRef = B22F773727A8057700733FC3 /* EdgeList.swift */; };
		B22F773927A8057700733FC3 /* EdgeList.swift in Sources */ = {isa = PBXBuildFile; fileRef = B22F773727A8057700733FC3 /* EdgeList.swift */; };
		B277A5D227A2DDC8003362ED /* AdjacencyVector.swift in Sources */ = {isa = PBXBuildFile; fileRef = B277A5D127A2DDC8003362ED /* AdjacencyVector.swift */; };
		B277A5D327A2DDC8003362ED /* AdjacencyVector.swift in Sources */ = {isa = PBXBuildFile; fileRef = B277A5D127A2DDC8003362ED /* AdjacencyVector.swift */; };
		B277D92B27A1B1DF001ED8DC /* BitboardGraph.swift in Sources */ = {isa = PBXBuildFile; fileRef = B277D92A27A1B1DF001ED8DC /* BitboardGraph.swift */; };
		B277D92C27A1B2A9001ED8DC /* BitboardGraph.swift in Sources */ = {isa = PBXBuildFile; fileRef = B277D92A27A1B1DF001ED8DC /* BitboardGraph.swift */; };
		B277D92E27A1FCEF001ED8DC /* AdjacencyMatrix.swift in Sources */ = {isa = PBXBuildFile; fileRef = B277D92D27A1FCEF001ED8DC /* AdjacencyMatrix.swift */; };
		B277D92F27A1FE0E001ED8DC /* AdjacencyMatrix.swift in Sources */ = {isa = PBXBuildFile; fileRef = B277D92D27A1FCEF001ED8DC /* AdjacencyMatrix.swift */; };
		B277D93127A20803001ED8DC /* LinkedGraph.swift in Sources */ = {isa = PBXBuildFile; fileRef = B277D93027A20803001ED8DC /* LinkedGraph.swift */; };
		B277D93227A20C99001ED8DC /* LinkedGraph.swift in Sources */ = {isa = PBXBuildFile; fileRef = B277D93027A20803001ED8DC /* LinkedGraph.swift */; };
		B2813AAB27A03B6800B928CA /* GeneratedMocks.swift in Sources */ = {isa = PBXBuildFile; fileRef = B2813AAA27A03B6800B928CA /* GeneratedMocks.swift */; };
		B29EC16C279EC9BD00ADD2A5 /* main.swift in Sources */ = {isa = PBXBuildFile; fileRef = B29EC16B279EC9BD00ADD2A5 /* main.swift */; };
		B29EC17927A0371300ADD2A5 /* GraphsTests.swift in Sources */ = {isa = PBXBuildFile; fileRef = B29EC17827A0371300ADD2A5 /* GraphsTests.swift */; };
		B29EC17D27A037A600ADD2A5 /* main.swift in Sources */ = {isa = PBXBuildFile; fileRef = B29EC16B279EC9BD00ADD2A5 /* main.swift */; };
/* End PBXBuildFile section */

/* Begin PBXCopyFilesBuildPhase section */
		B29EC166279EC9BD00ADD2A5 /* CopyFiles */ = {
			isa = PBXCopyFilesBuildPhase;
			buildActionMask = 2147483647;
			dstPath = /usr/share/man/man1/;
			dstSubfolderSpec = 0;
			files = (
			);
			runOnlyForDeploymentPostprocessing = 1;
		};
/* End PBXCopyFilesBuildPhase section */

/* Begin PBXFileReference section */
		025C5C4F98941B0381774183 /* Pods-Graphs.debug.xcconfig */ = {isa = PBXFileReference; includeInIndex = 1; lastKnownFileType = text.xcconfig; name = "Pods-Graphs.debug.xcconfig"; path = "Target Support Files/Pods-Graphs/Pods-Graphs.debug.xcconfig"; sourceTree = "<group>"; };
		B22F773727A8057700733FC3 /* EdgeList.swift */ = {isa = PBXFileReference; lastKnownFileType = sourcecode.swift; path = EdgeList.swift; sourceTree = "<group>"; };
		B277A5D127A2DDC8003362ED /* AdjacencyVector.swift */ = {isa = PBXFileReference; lastKnownFileType = sourcecode.swift; path = AdjacencyVector.swift; sourceTree = "<group>"; };
		B277D92A27A1B1DF001ED8DC /* BitboardGraph.swift */ = {isa = PBXFileReference; lastKnownFileType = sourcecode.swift; path = BitboardGraph.swift; sourceTree = "<group>"; };
		B277D92D27A1FCEF001ED8DC /* AdjacencyMatrix.swift */ = {isa = PBXFileReference; lastKnownFileType = sourcecode.swift; path = AdjacencyMatrix.swift; sourceTree = "<group>"; };
		B277D93027A20803001ED8DC /* LinkedGraph.swift */ = {isa = PBXFileReference; lastKnownFileType = sourcecode.swift; path = LinkedGraph.swift; sourceTree = "<group>"; };
		B2813AAA27A03B6800B928CA /* GeneratedMocks.swift */ = {isa = PBXFileReference; fileEncoding = 4; lastKnownFileType = sourcecode.swift; path = GeneratedMocks.swift; sourceTree = "<group>"; };
		B29EC168279EC9BD00ADD2A5 /* Graphs */ = {isa = PBXFileReference; explicitFileType = "compiled.mach-o.executable"; includeInIndex = 0; path = Graphs; sourceTree = BUILT_PRODUCTS_DIR; };
		B29EC16B279EC9BD00ADD2A5 /* main.swift */ = {isa = PBXFileReference; lastKnownFileType = sourcecode.swift; path = main.swift; sourceTree = "<group>"; };
		B29EC17627A0371300ADD2A5 /* GraphsTests.xctest */ = {isa = PBXFileReference; explicitFileType = wrapper.cfbundle; includeInIndex = 0; path = GraphsTests.xctest; sourceTree = BUILT_PRODUCTS_DIR; };
		B29EC17827A0371300ADD2A5 /* GraphsTests.swift */ = {isa = PBXFileReference; lastKnownFileType = sourcecode.swift; path = GraphsTests.swift; sourceTree = "<group>"; };
		B48E9E6F09D605DE6F23B197 /* Pods-Graphs.release.xcconfig */ = {isa = PBXFileReference; includeInIndex = 1; lastKnownFileType = text.xcconfig; name = "Pods-Graphs.release.xcconfig"; path = "Target Support Files/Pods-Graphs/Pods-Graphs.release.xcconfig"; sourceTree = "<group>"; };
		D0A3C36916465D75C8026316 /* Pods-GraphsTests.release.xcconfig */ = {isa = PBXFileReference; includeInIndex = 1; lastKnownFileType = text.xcconfig; name = "Pods-GraphsTests.release.xcconfig"; path = "Target Support Files/Pods-GraphsTests/Pods-GraphsTests.release.xcconfig"; sourceTree = "<group>"; };
		D9892C75134FB95881647052 /* Pods_GraphsTests.framework */ = {isa = PBXFileReference; explicitFileType = wrapper.framework; includeInIndex = 0; path = Pods_GraphsTests.framework; sourceTree = BUILT_PRODUCTS_DIR; };
		F71A8EBA22772E1EF6E747AB /* Pods_Graphs.framework */ = {isa = PBXFileReference; explicitFileType = wrapper.framework; includeInIndex = 0; path = Pods_Graphs.framework; sourceTree = BUILT_PRODUCTS_DIR; };
		F773015A871415536EF5561A /* Pods-GraphsTests.debug.xcconfig */ = {isa = PBXFileReference; includeInIndex = 1; lastKnownFileType = text.xcconfig; name = "Pods-GraphsTests.debug.xcconfig"; path = "Target Support Files/Pods-GraphsTests/Pods-GraphsTests.debug.xcconfig"; sourceTree = "<group>"; };
/* End PBXFileReference section */

/* Begin PBXFrameworksBuildPhase section */
		B29EC165279EC9BD00ADD2A5 /* Frameworks */ = {
			isa = PBXFrameworksBuildPhase;
			buildActionMask = 2147483647;
			files = (
				6F295644299E5AAD180C5EEB /* Pods_Graphs.framework in Frameworks */,
			);
			runOnlyForDeploymentPostprocessing = 0;
		};
		B29EC17327A0371300ADD2A5 /* Frameworks */ = {
			isa = PBXFrameworksBuildPhase;
			buildActionMask = 2147483647;
			files = (
				37C70CF8C8979EF0853A1057 /* Pods_GraphsTests.framework in Frameworks */,
			);
			runOnlyForDeploymentPostprocessing = 0;
		};
/* End PBXFrameworksBuildPhase section */

/* Begin PBXGroup section */
		86AD55F17B7DE77EEB1A126A /* Pods */ = {
			isa = PBXGroup;
			children = (
				025C5C4F98941B0381774183 /* Pods-Graphs.debug.xcconfig */,
				B48E9E6F09D605DE6F23B197 /* Pods-Graphs.release.xcconfig */,
				F773015A871415536EF5561A /* Pods-GraphsTests.debug.xcconfig */,
				D0A3C36916465D75C8026316 /* Pods-GraphsTests.release.xcconfig */,
			);
			path = Pods;
			sourceTree = "<group>";
		};
		B29EC15F279EC9BD00ADD2A5 = {
			isa = PBXGroup;
			children = (
				B29EC16A279EC9BD00ADD2A5 /* Graphs */,
				B29EC17727A0371300ADD2A5 /* GraphsTests */,
				B29EC169279EC9BD00ADD2A5 /* Products */,
				86AD55F17B7DE77EEB1A126A /* Pods */,
				D0A06615D46034267536FBF4 /* Frameworks */,
			);
			sourceTree = "<group>";
		};
		B29EC169279EC9BD00ADD2A5 /* Products */ = {
			isa = PBXGroup;
			children = (
				B29EC168279EC9BD00ADD2A5 /* Graphs */,
				B29EC17627A0371300ADD2A5 /* GraphsTests.xctest */,
			);
			name = Products;
			sourceTree = "<group>";
		};
		B29EC16A279EC9BD00ADD2A5 /* Graphs */ = {
			isa = PBXGroup;
			children = (
				B29EC16B279EC9BD00ADD2A5 /* main.swift */,
				B277D92A27A1B1DF001ED8DC /* BitboardGraph.swift */,
				B277D92D27A1FCEF001ED8DC /* AdjacencyMatrix.swift */,
				B277D93027A20803001ED8DC /* LinkedGraph.swift */,
				B277A5D127A2DDC8003362ED /* AdjacencyVector.swift */,
				B22F773727A8057700733FC3 /* EdgeList.swift */,
			);
			path = Graphs;
			sourceTree = "<group>";
		};
		B29EC17727A0371300ADD2A5 /* GraphsTests */ = {
			isa = PBXGroup;
			children = (
				B2813AAA27A03B6800B928CA /* GeneratedMocks.swift */,
				B29EC17827A0371300ADD2A5 /* GraphsTests.swift */,
			);
			path = GraphsTests;
			sourceTree = "<group>";
		};
		D0A06615D46034267536FBF4 /* Frameworks */ = {
			isa = PBXGroup;
			children = (
				F71A8EBA22772E1EF6E747AB /* Pods_Graphs.framework */,
				D9892C75134FB95881647052 /* Pods_GraphsTests.framework */,
			);
			name = Frameworks;
			sourceTree = "<group>";
		};
/* End PBXGroup section */

/* Begin PBXNativeTarget section */
		B29EC167279EC9BD00ADD2A5 /* Graphs */ = {
			isa = PBXNativeTarget;
			buildConfigurationList = B29EC16F279EC9BD00ADD2A5 /* Build configuration list for PBXNativeTarget "Graphs" */;
			buildPhases = (
				7F43D582044609A5F0D6726C /* [CP] Check Pods Manifest.lock */,
				B2813AA927A038F300B928CA /* ShellScript */,
				B29EC164279EC9BD00ADD2A5 /* Sources */,
				B29EC165279EC9BD00ADD2A5 /* Frameworks */,
				B29EC166279EC9BD00ADD2A5 /* CopyFiles */,
			);
			buildRules = (
			);
			dependencies = (
			);
			name = Graphs;
			productName = Graphs;
			productReference = B29EC168279EC9BD00ADD2A5 /* Graphs */;
			productType = "com.apple.product-type.tool";
		};
		B29EC17527A0371300ADD2A5 /* GraphsTests */ = {
			isa = PBXNativeTarget;
			buildConfigurationList = B29EC17A27A0371300ADD2A5 /* Build configuration list for PBXNativeTarget "GraphsTests" */;
			buildPhases = (
				AE5021D6A3F53E135BE198D8 /* [CP] Check Pods Manifest.lock */,
				B29EC17227A0371300ADD2A5 /* Sources */,
				B29EC17327A0371300ADD2A5 /* Frameworks */,
				B29EC17427A0371300ADD2A5 /* Resources */,
			);
			buildRules = (
			);
			dependencies = (
			);
			name = GraphsTests;
			productName = GraphsTests;
			productReference = B29EC17627A0371300ADD2A5 /* GraphsTests.xctest */;
			productType = "com.apple.product-type.bundle.unit-test";
		};
/* End PBXNativeTarget section */

/* Begin PBXProject section */
		B29EC160279EC9BD00ADD2A5 /* Project object */ = {
			isa = PBXProject;
			attributes = {
				BuildIndependentTargetsInParallel = 1;
				LastSwiftUpdateCheck = 1320;
				LastUpgradeCheck = 1320;
				TargetAttributes = {
					B29EC167279EC9BD00ADD2A5 = {
						CreatedOnToolsVersion = 13.2.1;
					};
					B29EC17527A0371300ADD2A5 = {
						CreatedOnToolsVersion = 13.2.1;
					};
				};
			};
			buildConfigurationList = B29EC163279EC9BD00ADD2A5 /* Build configuration list for PBXProject "Graphs" */;
			compatibilityVersion = "Xcode 13.0";
			developmentRegion = en;
			hasScannedForEncodings = 0;
			knownRegions = (
				en,
				Base,
			);
			mainGroup = B29EC15F279EC9BD00ADD2A5;
			productRefGroup = B29EC169279EC9BD00ADD2A5 /* Products */;
			projectDirPath = "";
			projectRoot = "";
			targets = (
				B29EC167279EC9BD00ADD2A5 /* Graphs */,
				B29EC17527A0371300ADD2A5 /* GraphsTests */,
			);
		};
/* End PBXProject section */

/* Begin PBXResourcesBuildPhase section */
		B29EC17427A0371300ADD2A5 /* Resources */ = {
			isa = PBXResourcesBuildPhase;
			buildActionMask = 2147483647;
			files = (
			);
			runOnlyForDeploymentPostprocessing = 0;
		};
/* End PBXResourcesBuildPhase section */

/* Begin PBXShellScriptBuildPhase section */
		7F43D582044609A5F0D6726C /* [CP] Check Pods Manifest.lock */ = {
			isa = PBXShellScriptBuildPhase;
			buildActionMask = 2147483647;
			files = (
			);
			inputFileListPaths = (
			);
			inputPaths = (
				"${PODS_PODFILE_DIR_PATH}/Podfile.lock",
				"${PODS_ROOT}/Manifest.lock",
			);
			name = "[CP] Check Pods Manifest.lock";
			outputFileListPaths = (
			);
			outputPaths = (
				"$(DERIVED_FILE_DIR)/Pods-Graphs-checkManifestLockResult.txt",
			);
			runOnlyForDeploymentPostprocessing = 0;
			shellPath = /bin/sh;
			shellScript = "diff \"${PODS_PODFILE_DIR_PATH}/Podfile.lock\" \"${PODS_ROOT}/Manifest.lock\" > /dev/null\nif [ $? != 0 ] ; then\n    # print error to STDERR\n    echo \"error: The sandbox is not in sync with the Podfile.lock. Run 'pod install' or update your CocoaPods installation.\" >&2\n    exit 1\nfi\n# This output is used by Xcode 'outputs' to avoid re-running this script phase.\necho \"SUCCESS\" > \"${SCRIPT_OUTPUT_FILE_0}\"\n";
			showEnvVarsInLog = 0;
		};
		AE5021D6A3F53E135BE198D8 /* [CP] Check Pods Manifest.lock */ = {
			isa = PBXShellScriptBuildPhase;
			buildActionMask = 2147483647;
			files = (
			);
			inputFileListPaths = (
			);
			inputPaths = (
				"${PODS_PODFILE_DIR_PATH}/Podfile.lock",
				"${PODS_ROOT}/Manifest.lock",
			);
			name = "[CP] Check Pods Manifest.lock";
			outputFileListPaths = (
			);
			outputPaths = (
				"$(DERIVED_FILE_DIR)/Pods-GraphsTests-checkManifestLockResult.txt",
			);
			runOnlyForDeploymentPostprocessing = 0;
			shellPath = /bin/sh;
			shellScript = "diff \"${PODS_PODFILE_DIR_PATH}/Podfile.lock\" \"${PODS_ROOT}/Manifest.lock\" > /dev/null\nif [ $? != 0 ] ; then\n    # print error to STDERR\n    echo \"error: The sandbox is not in sync with the Podfile.lock. Run 'pod install' or update your CocoaPods installation.\" >&2\n    exit 1\nfi\n# This output is used by Xcode 'outputs' to avoid re-running this script phase.\necho \"SUCCESS\" > \"${SCRIPT_OUTPUT_FILE_0}\"\n";
			showEnvVarsInLog = 0;
		};
		B2813AA927A038F300B928CA /* ShellScript */ = {
			isa = PBXShellScriptBuildPhase;
			buildActionMask = 2147483647;
			files = (
			);
			inputFileListPaths = (
			);
			inputPaths = (
			);
			outputFileListPaths = (
			);
			outputPaths = (
			);
			runOnlyForDeploymentPostprocessing = 0;
			shellPath = /bin/sh;
			shellScript = "\"${PODS_ROOT}/Sourcery/bin/sourcery\" --sources \"${PROJECT_DIR}/${PROJECT_NAME}\" --templates \"${PODS_ROOT}/Sourcery/Templates/AutoMockable.stencil\" --output \"${PROJECT_DIR}/${PROJECT_NAME}Tests/GeneratedMocks.swift\"\n";
		};
/* End PBXShellScriptBuildPhase section */

/* Begin PBXSourcesBuildPhase section */
		B29EC164279EC9BD00ADD2A5 /* Sources */ = {
			isa = PBXSourcesBuildPhase;
			buildActionMask = 2147483647;
			files = (
				B22F773827A8057700733FC3 /* EdgeList.swift in Sources */,
				B277D93127A20803001ED8DC /* LinkedGraph.swift in Sources */,
				B29EC16C279EC9BD00ADD2A5 /* main.swift in Sources */,
				B277A5D227A2DDC8003362ED /* AdjacencyVector.swift in Sources */,
				B277D92B27A1B1DF001ED8DC /* BitboardGraph.swift in Sources */,
				B277D92E27A1FCEF001ED8DC /* AdjacencyMatrix.swift in Sources */,
			);
			runOnlyForDeploymentPostprocessing = 0;
		};
		B29EC17227A0371300ADD2A5 /* Sources */ = {
			isa = PBXSourcesBuildPhase;
			buildActionMask = 2147483647;
			files = (
				B277D93227A20C99001ED8DC /* LinkedGraph.swift in Sources */,
				B29EC17D27A037A600ADD2A5 /* main.swift in Sources */,
				B22F773927A8057700733FC3 /* EdgeList.swift in Sources */,
				B277D92F27A1FE0E001ED8DC /* AdjacencyMatrix.swift in Sources */,
				B2813AAB27A03B6800B928CA /* GeneratedMocks.swift in Sources */,
				B29EC17927A0371300ADD2A5 /* GraphsTests.swift in Sources */,
				B277D92C27A1B2A9001ED8DC /* BitboardGraph.swift in Sources */,
				B277A5D327A2DDC8003362ED /* AdjacencyVector.swift in Sources */,
			);
			runOnlyForDeploymentPostprocessing = 0;
		};
/* End PBXSourcesBuildPhase section */

/* Begin XCBuildConfiguration section */
		B29EC16D279EC9BD00ADD2A5 /* Debug */ = {
			isa = XCBuildConfiguration;
			buildSettings = {
				ALWAYS_SEARCH_USER_PATHS = NO;
				CLANG_ANALYZER_NONNULL = YES;
				CLANG_ANALYZER_NUMBER_OBJECT_CONVERSION = YES_AGGRESSIVE;
				CLANG_CXX_LANGUAGE_STANDARD = "gnu++17";
				CLANG_CXX_LIBRARY = "libc++";
				CLANG_ENABLE_MODULES = YES;
				CLANG_ENABLE_OBJC_ARC = YES;
				CLANG_ENABLE_OBJC_WEAK = YES;
				CLANG_WARN_BLOCK_CAPTURE_AUTORELEASING = YES;
				CLANG_WARN_BOOL_CONVERSION = YES;
				CLANG_WARN_COMMA = YES;
				CLANG_WARN_CONSTANT_CONVERSION = YES;
				CLANG_WARN_DEPRECATED_OBJC_IMPLEMENTATIONS = YES;
				CLANG_WARN_DIRECT_OBJC_ISA_USAGE = YES_ERROR;
				CLANG_WARN_DOCUMENTATION_COMMENTS = YES;
				CLANG_WARN_EMPTY_BODY = YES;
				CLANG_WARN_ENUM_CONVERSION = YES;
				CLANG_WARN_INFINITE_RECURSION = YES;
				CLANG_WARN_INT_CONVERSION = YES;
				CLANG_WARN_NON_LITERAL_NULL_CONVERSION = YES;
				CLANG_WARN_OBJC_IMPLICIT_RETAIN_SELF = YES;
				CLANG_WARN_OBJC_LITERAL_CONVERSION = YES;
				CLANG_WARN_OBJC_ROOT_CLASS = YES_ERROR;
				CLANG_WARN_QUOTED_INCLUDE_IN_FRAMEWORK_HEADER = YES;
				CLANG_WARN_RANGE_LOOP_ANALYSIS = YES;
				CLANG_WARN_STRICT_PROTOTYPES = YES;
				CLANG_WARN_SUSPICIOUS_MOVE = YES;
				CLANG_WARN_UNGUARDED_AVAILABILITY = YES_AGGRESSIVE;
				CLANG_WARN_UNREACHABLE_CODE = YES;
				CLANG_WARN__DUPLICATE_METHOD_MATCH = YES;
				COPY_PHASE_STRIP = NO;
				DEBUG_INFORMATION_FORMAT = dwarf;
				ENABLE_STRICT_OBJC_MSGSEND = YES;
				ENABLE_TESTABILITY = YES;
				GCC_C_LANGUAGE_STANDARD = gnu11;
				GCC_DYNAMIC_NO_PIC = NO;
				GCC_NO_COMMON_BLOCKS = YES;
				GCC_OPTIMIZATION_LEVEL = 0;
				GCC_PREPROCESSOR_DEFINITIONS = (
					"DEBUG=1",
					"$(inherited)",
				);
				GCC_WARN_64_TO_32_BIT_CONVERSION = YES;
				GCC_WARN_ABOUT_RETURN_TYPE = YES_ERROR;
				GCC_WARN_UNDECLARED_SELECTOR = YES;
				GCC_WARN_UNINITIALIZED_AUTOS = YES_AGGRESSIVE;
				GCC_WARN_UNUSED_FUNCTION = YES;
				GCC_WARN_UNUSED_VARIABLE = YES;
				MACOSX_DEPLOYMENT_TARGET = 11.6;
				MTL_ENABLE_DEBUG_INFO = INCLUDE_SOURCE;
				MTL_FAST_MATH = YES;
				ONLY_ACTIVE_ARCH = YES;
				SDKROOT = macosx;
				SWIFT_ACTIVE_COMPILATION_CONDITIONS = DEBUG;
				SWIFT_OPTIMIZATION_LEVEL = "-Onone";
			};
			name = Debug;
		};
		B29EC16E279EC9BD00ADD2A5 /* Release */ = {
			isa = XCBuildConfiguration;
			buildSettings = {
				ALWAYS_SEARCH_USER_PATHS = NO;
				CLANG_ANALYZER_NONNULL = YES;
				CLANG_ANALYZER_NUMBER_OBJECT_CONVERSION = YES_AGGRESSIVE;
				CLANG_CXX_LANGUAGE_STANDARD = "gnu++17";
				CLANG_CXX_LIBRARY = "libc++";
				CLANG_ENABLE_MODULES = YES;
				CLANG_ENABLE_OBJC_ARC = YES;
				CLANG_ENABLE_OBJC_WEAK = YES;
				CLANG_WARN_BLOCK_CAPTURE_AUTORELEASING = YES;
				CLANG_WARN_BOOL_CONVERSION = YES;
				CLANG_WARN_COMMA = YES;
				CLANG_WARN_CONSTANT_CONVERSION = YES;
				CLANG_WARN_DEPRECATED_OBJC_IMPLEMENTATIONS = YES;
				CLANG_WARN_DIRECT_OBJC_ISA_USAGE = YES_ERROR;
				CLANG_WARN_DOCUMENTATION_COMMENTS = YES;
				CLANG_WARN_EMPTY_BODY = YES;
				CLANG_WARN_ENUM_CONVERSION = YES;
				CLANG_WARN_INFINITE_RECURSION = YES;
				CLANG_WARN_INT_CONVERSION = YES;
				CLANG_WARN_NON_LITERAL_NULL_CONVERSION = YES;
				CLANG_WARN_OBJC_IMPLICIT_RETAIN_SELF = YES;
				CLANG_WARN_OBJC_LITERAL_CONVERSION = YES;
				CLANG_WARN_OBJC_ROOT_CLASS = YES_ERROR;
				CLANG_WARN_QUOTED_INCLUDE_IN_FRAMEWORK_HEADER = YES;
				CLANG_WARN_RANGE_LOOP_ANALYSIS = YES;
				CLANG_WARN_STRICT_PROTOTYPES = YES;
				CLANG_WARN_SUSPICIOUS_MOVE = YES;
				CLANG_WARN_UNGUARDED_AVAILABILITY = YES_AGGRESSIVE;
				CLANG_WARN_UNREACHABLE_CODE = YES;
				CLANG_WARN__DUPLICATE_METHOD_MATCH = YES;
				COPY_PHASE_STRIP = NO;
				DEBUG_INFORMATION_FORMAT = "dwarf-with-dsym";
				ENABLE_NS_ASSERTIONS = NO;
				ENABLE_STRICT_OBJC_MSGSEND = YES;
				GCC_C_LANGUAGE_STANDARD = gnu11;
				GCC_NO_COMMON_BLOCKS = YES;
				GCC_WARN_64_TO_32_BIT_CONVERSION = YES;
				GCC_WARN_ABOUT_RETURN_TYPE = YES_ERROR;
				GCC_WARN_UNDECLARED_SELECTOR = YES;
				GCC_WARN_UNINITIALIZED_AUTOS = YES_AGGRESSIVE;
				GCC_WARN_UNUSED_FUNCTION = YES;
				GCC_WARN_UNUSED_VARIABLE = YES;
				MACOSX_DEPLOYMENT_TARGET = 11.6;
				MTL_ENABLE_DEBUG_INFO = NO;
				MTL_FAST_MATH = YES;
				SDKROOT = macosx;
				SWIFT_COMPILATION_MODE = wholemodule;
				SWIFT_OPTIMIZATION_LEVEL = "-O";
			};
			name = Release;
		};
		B29EC170279EC9BD00ADD2A5 /* Debug */ = {
			isa = XCBuildConfiguration;
			baseConfigurationReference = 025C5C4F98941B0381774183 /* Pods-Graphs.debug.xcconfig */;
			buildSettings = {
				CODE_SIGN_IDENTITY = "-";
				CODE_SIGN_STYLE = Automatic;
				PRODUCT_NAME = "$(TARGET_NAME)";
				SWIFT_VERSION = 5.0;
			};
			name = Debug;
		};
		B29EC171279EC9BD00ADD2A5 /* Release */ = {
			isa = XCBuildConfiguration;
			baseConfigurationReference = B48E9E6F09D605DE6F23B197 /* Pods-Graphs.release.xcconfig */;
			buildSettings = {
				CODE_SIGN_IDENTITY = "-";
				CODE_SIGN_STYLE = Automatic;
				PRODUCT_NAME = "$(TARGET_NAME)";
				SWIFT_VERSION = 5.0;
			};
			name = Release;
		};
		B29EC17B27A0371300ADD2A5 /* Debug */ = {
			isa = XCBuildConfiguration;
			baseConfigurationReference = F773015A871415536EF5561A /* Pods-GraphsTests.debug.xcconfig */;
			buildSettings = {
				CODE_SIGN_STYLE = Automatic;
				CURRENT_PROJECT_VERSION = 1;
				GENERATE_INFOPLIST_FILE = YES;
				MARKETING_VERSION = 1.0;
				PRODUCT_BUNDLE_IDENTIFIER = ruslan.GraphsTests;
				PRODUCT_NAME = "$(TARGET_NAME)";
				SWIFT_EMIT_LOC_STRINGS = NO;
				SWIFT_VERSION = 5.0;
			};
			name = Debug;
		};
		B29EC17C27A0371300ADD2A5 /* Release */ = {
			isa = XCBuildConfiguration;
			baseConfigurationReference = D0A3C36916465D75C8026316 /* Pods-GraphsTests.release.xcconfig */;
			buildSettings = {
				CODE_SIGN_STYLE = Automatic;
				CURRENT_PROJECT_VERSION = 1;
				GENERATE_INFOPLIST_FILE = YES;
				MARKETING_VERSION = 1.0;
				PRODUCT_BUNDLE_IDENTIFIER = ruslan.GraphsTests;
				PRODUCT_NAME = "$(TARGET_NAME)";
				SWIFT_EMIT_LOC_STRINGS = NO;
				SWIFT_VERSION = 5.0;
			};
			name = Release;
		};
/* End XCBuildConfiguration section */

/* Begin XCConfigurationList section */
		B29EC163279EC9BD00ADD2A5 /* Build configuration list for PBXProject "Graphs" */ = {
			isa = XCConfigurationList;
			buildConfigurations = (
				B29EC16D279EC9BD00ADD2A5 /* Debug */,
				B29EC16E279EC9BD00ADD2A5 /* Release */,
			);
			defaultConfigurationIsVisible = 0;
			defaultConfigurationName = Release;
		};
		B29EC16F279EC9BD00ADD2A5 /* Build configuration list for PBXNativeTarget "Graphs" */ = {
			isa = XCConfigurationList;
			buildConfigurations = (
				B29EC170279EC9BD00ADD2A5 /* Debug */,
				B29EC171279EC9BD00ADD2A5 /* Release */,
			);
			defaultConfigurationIsVisible = 0;
			defaultConfigurationName = Release;
		};
		B29EC17A27A0371300ADD2A5 /* Build configuration list for PBXNativeTarget "GraphsTests" */ = {
			isa = XCConfigurationList;
			buildConfigurations = (
				B29EC17B27A0371300ADD2A5 /* Debug */,
				B29EC17C27A0371300ADD2A5 /* Release */,
			);
			defaultConfigurationIsVisible = 0;
			defaultConfigurationName = Release;
		};
/* End XCConfigurationList section */
	};
	rootObject = B29EC160279EC9BD00ADD2A5 /* Project object */;
}
